
Microsoft Visual Studio Solution File, Format Version 12.00
# Visual Studio Version 17
VisualStudioVersion = 17.4.33110.190
MinimumVisualStudioVersion = 10.0.40219.1
Project("{FAE04EC0-301F-11D3-BF4B-00C04F79EFBC}") = "AppleAndOrange-HackerRank", "ConsoleApp1\AppleAndOrange-HackerRank.csproj", "{AD77F092-7212-4272-B1EB-87C905AECF8E}"
EndProject
Project("{FAE04EC0-301F-11D3-BF4B-00C04F79EFBC}") = "BetweenTwoSets-HackerRank", "BetweenTwoSets-HackerRank\BetweenTwoSets-HackerRank.csproj", "{2B01F0DD-F901-4F40-9593-4975E93EE882}"
EndProject
Project("{FAE04EC0-301F-11D3-BF4B-00C04F79EFBC}") = "BreakingtheRecords-HackerRank", "Breaking the Records\BreakingtheRecords-HackerRank.csproj", "{2A98D5D9-6087-44BA-BDC6-1F03C67311BC}"
EndProject
Project("{FAE04EC0-301F-11D3-BF4B-00C04F79EFBC}") = "SubarrayDivision-HackerRank", "SubarrayDivision\SubarrayDivision-HackerRank.csproj", "{040593C8-FD2B-493E-9C4A-B91B3D8C716D}"
EndProject
Project("{FAE04EC0-301F-11D3-BF4B-00C04F79EFBC}") = "PlusMinus-HackerRank", "Plus Minus\PlusMinus-HackerRank.csproj", "{A0650EE2-295A-4D4C-9194-6A7C4ADD45B6}"
EndProject
Project("{FAE04EC0-301F-11D3-BF4B-00C04F79EFBC}") = "Time Conversion", "Time Conversion\Time Conversion.csproj", "{93242E58-FDE6-4DF0-871F-CDC2A87FB4F0}"
EndProject
Project("{FAE04EC0-301F-11D3-BF4B-00C04F79EFBC}") = "DivisibleSumPairs-HackerRanks", "DivisibleSumPairs-HackerRanks\DivisibleSumPairs-HackerRanks.csproj", "{524E314F-F68E-49F3-BC35-B17B21813C69}"
EndProject
Project("{FAE04EC0-301F-11D3-BF4B-00C04F79EFBC}") = "MigratoryBirds-HackerRank", "MigratoryBirds-HackerRank\MigratoryBirds-HackerRank.csproj", "{878391F4-2C00-484F-8242-79307749E34B}"
EndProject
Project("{FAE04EC0-301F-11D3-BF4B-00C04F79EFBC}") = "DayoftheProgrammer-Hackerrank", "DayoftheProgrammer-Hackerrank\DayoftheProgrammer-Hackerrank.csproj", "{776723C5-B0F0-4F0D-97AE-86A95762B686}"
EndProject
Project("{FAE04EC0-301F-11D3-BF4B-00C04F79EFBC}") = "BillDivision-HackerRank", "Bill Division\BillDivision-HackerRank.csproj", "{B6D0EC4E-13E3-46A4-B1BA-D93DEA262845}"
EndProject
Project("{FAE04EC0-301F-11D3-BF4B-00C04F79EFBC}") = "SalesbyMatch-HackerRank", "SalesbyMatch-HackerRank\SalesbyMatch-HackerRank.csproj", "{033E08FB-09DA-4885-AC65-EB5EEFA0CF91}"
EndProject
Project("{FAE04EC0-301F-11D3-BF4B-00C04F79EFBC}") = "deneme", "deneme\deneme.csproj", "{8DFCEB8F-EE78-40EF-9D6E-8BC03547FA41}"
EndProject
Project("{FAE04EC0-301F-11D3-BF4B-00C04F79EFBC}") = "DrawingBook-HackerRank", "DrawingBook-HackerRank\DrawingBook-HackerRank.csproj", "{3B507A09-9EA3-46BE-85BB-9147A66F4DE8}"
EndProject
Project("{FAE04EC0-301F-11D3-BF4B-00C04F79EFBC}") = "CountingValleys-HackerRank", "Counting Valleys\CountingValleys-HackerRank.csproj", "{6696B47C-7B57-4B8E-8613-2BB5BC1098AD}"
EndProject
Project("{FAE04EC0-301F-11D3-BF4B-00C04F79EFBC}") = "ElectronicsShop-HackerRank", "ElectronicsShop-HackerRank\ElectronicsShop-HackerRank.csproj", "{BC326320-84EB-4660-AC91-E44DFF8206B1}"
EndProject
Project("{FAE04EC0-301F-11D3-BF4B-00C04F79EFBC}") = "CatsandaMouse-HackerRank", "CatsandaMouse-HackerRank\CatsandaMouse-HackerRank.csproj", "{167364EE-93CF-49F0-ACAB-DD61CEC82EA5}"
EndProject
Project("{FAE04EC0-301F-11D3-BF4B-00C04F79EFBC}") = "FormingaMagicSquare-HackerRank", "FormingaMagicSquare-HackerRank\FormingaMagicSquare-HackerRank.csproj", "{11750D93-FA97-4AAB-992F-E866C8515105}"
EndProject
Project("{FAE04EC0-301F-11D3-BF4B-00C04F79EFBC}") = "PickingNumbers-HackerRank", "PickingNumbers-HackerRank\PickingNumbers-HackerRank.csproj", "{134B48F4-4EF2-41A4-A07F-FB6EBCB969E0}"
EndProject
Project("{FAE04EC0-301F-11D3-BF4B-00C04F79EFBC}") = "ClimbingtheLeaderboard-HackerRank", "ClimbingtheLeaderboard-HackerRank\ClimbingtheLeaderboard-HackerRank.csproj", "{B0399CC4-8785-4C3F-A4A9-500EC1BF44A5}"
EndProject
Project("{FAE04EC0-301F-11D3-BF4B-00C04F79EFBC}") = "TheHurdleRace-HackerRank", "TheHurdleRace-HackerRank\TheHurdleRace-HackerRank.csproj", "{77821BBA-F73E-4FD8-A588-23027378FBBB}"
EndProject
Project("{FAE04EC0-301F-11D3-BF4B-00C04F79EFBC}") = "DesignerPDFViewer-HackerRank", "DesignerPDFViewer-HackerRank\DesignerPDFViewer-HackerRank.csproj", "{30E663DD-E91D-45D2-9E98-AD04F286D256}"
EndProject
Project("{FAE04EC0-301F-11D3-BF4B-00C04F79EFBC}") = "UtopianTree-HackerRank", "UtopianTree-HackerRank\UtopianTree-HackerRank.csproj", "{E8EBFDDD-B168-4143-BA77-6552B4DD1E23}"
EndProject
Project("{FAE04EC0-301F-11D3-BF4B-00C04F79EFBC}") = "AngryProfesor-HackerRank", "AngryProfesor-HackerRank\AngryProfesor-HackerRank.csproj", "{8DF0077F-A907-4753-A009-A2D6414526A9}"
EndProject
Project("{FAE04EC0-301F-11D3-BF4B-00C04F79EFBC}") = "BeautifulDaysattheMovies-HackerRank", "BeautifulDaysattheMovies-HackerRank\BeautifulDaysattheMovies-HackerRank.csproj", "{A93C25F0-345F-4305-B5FB-11B45F56572E}"
EndProject
Project("{FAE04EC0-301F-11D3-BF4B-00C04F79EFBC}") = "ViralAdvertising-HackerRank", "ViralAdvertising-HackerRank\ViralAdvertising-HackerRank.csproj", "{5EFF9E8C-976F-4BD7-B62F-22F8416C2922}"
EndProject
Project("{FAE04EC0-301F-11D3-BF4B-00C04F79EFBC}") = "SavethePrisoner-HackerRank", "SavethePrisoner-HackerRank\SavethePrisoner-HackerRank.csproj", "{1D81FA53-DC43-4A8A-A2C7-E447FEEA47D7}"
EndProject
Project("{FAE04EC0-301F-11D3-BF4B-00C04F79EFBC}") = "CircularArrayRotation-HackerRank", "CircularArrayRotation-HackerRank\CircularArrayRotation-HackerRank.csproj", "{3BF913BC-609E-408E-9E72-A76C0C3FBB74}"
EndProject
Global
	GlobalSection(SolutionConfigurationPlatforms) = preSolution
		Debug|Any CPU = Debug|Any CPU
		Release|Any CPU = Release|Any CPU
	EndGlobalSection
	GlobalSection(ProjectConfigurationPlatforms) = postSolution
		{AD77F092-7212-4272-B1EB-87C905AECF8E}.Debug|Any CPU.ActiveCfg = Debug|Any CPU
		{AD77F092-7212-4272-B1EB-87C905AECF8E}.Debug|Any CPU.Build.0 = Debug|Any CPU
		{AD77F092-7212-4272-B1EB-87C905AECF8E}.Release|Any CPU.ActiveCfg = Release|Any CPU
		{AD77F092-7212-4272-B1EB-87C905AECF8E}.Release|Any CPU.Build.0 = Release|Any CPU
		{2B01F0DD-F901-4F40-9593-4975E93EE882}.Debug|Any CPU.ActiveCfg = Debug|Any CPU
		{2B01F0DD-F901-4F40-9593-4975E93EE882}.Debug|Any CPU.Build.0 = Debug|Any CPU
		{2B01F0DD-F901-4F40-9593-4975E93EE882}.Release|Any CPU.ActiveCfg = Release|Any CPU
		{2B01F0DD-F901-4F40-9593-4975E93EE882}.Release|Any CPU.Build.0 = Release|Any CPU
		{2A98D5D9-6087-44BA-BDC6-1F03C67311BC}.Debug|Any CPU.ActiveCfg = Debug|Any CPU
		{2A98D5D9-6087-44BA-BDC6-1F03C67311BC}.Debug|Any CPU.Build.0 = Debug|Any CPU
		{2A98D5D9-6087-44BA-BDC6-1F03C67311BC}.Release|Any CPU.ActiveCfg = Release|Any CPU
		{2A98D5D9-6087-44BA-BDC6-1F03C67311BC}.Release|Any CPU.Build.0 = Release|Any CPU
		{040593C8-FD2B-493E-9C4A-B91B3D8C716D}.Debug|Any CPU.ActiveCfg = Debug|Any CPU
		{040593C8-FD2B-493E-9C4A-B91B3D8C716D}.Debug|Any CPU.Build.0 = Debug|Any CPU
		{040593C8-FD2B-493E-9C4A-B91B3D8C716D}.Release|Any CPU.ActiveCfg = Release|Any CPU
		{040593C8-FD2B-493E-9C4A-B91B3D8C716D}.Release|Any CPU.Build.0 = Release|Any CPU
		{A0650EE2-295A-4D4C-9194-6A7C4ADD45B6}.Debug|Any CPU.ActiveCfg = Debug|Any CPU
		{A0650EE2-295A-4D4C-9194-6A7C4ADD45B6}.Debug|Any CPU.Build.0 = Debug|Any CPU
		{A0650EE2-295A-4D4C-9194-6A7C4ADD45B6}.Release|Any CPU.ActiveCfg = Release|Any CPU
		{A0650EE2-295A-4D4C-9194-6A7C4ADD45B6}.Release|Any CPU.Build.0 = Release|Any CPU
		{93242E58-FDE6-4DF0-871F-CDC2A87FB4F0}.Debug|Any CPU.ActiveCfg = Debug|Any CPU
		{93242E58-FDE6-4DF0-871F-CDC2A87FB4F0}.Debug|Any CPU.Build.0 = Debug|Any CPU
		{93242E58-FDE6-4DF0-871F-CDC2A87FB4F0}.Release|Any CPU.ActiveCfg = Release|Any CPU
		{93242E58-FDE6-4DF0-871F-CDC2A87FB4F0}.Release|Any CPU.Build.0 = Release|Any CPU
		{524E314F-F68E-49F3-BC35-B17B21813C69}.Debug|Any CPU.ActiveCfg = Debug|Any CPU
		{524E314F-F68E-49F3-BC35-B17B21813C69}.Debug|Any CPU.Build.0 = Debug|Any CPU
		{524E314F-F68E-49F3-BC35-B17B21813C69}.Release|Any CPU.ActiveCfg = Release|Any CPU
		{524E314F-F68E-49F3-BC35-B17B21813C69}.Release|Any CPU.Build.0 = Release|Any CPU
		{878391F4-2C00-484F-8242-79307749E34B}.Debug|Any CPU.ActiveCfg = Debug|Any CPU
		{878391F4-2C00-484F-8242-79307749E34B}.Debug|Any CPU.Build.0 = Debug|Any CPU
		{878391F4-2C00-484F-8242-79307749E34B}.Release|Any CPU.ActiveCfg = Release|Any CPU
		{878391F4-2C00-484F-8242-79307749E34B}.Release|Any CPU.Build.0 = Release|Any CPU
		{776723C5-B0F0-4F0D-97AE-86A95762B686}.Debug|Any CPU.ActiveCfg = Debug|Any CPU
		{776723C5-B0F0-4F0D-97AE-86A95762B686}.Debug|Any CPU.Build.0 = Debug|Any CPU
		{776723C5-B0F0-4F0D-97AE-86A95762B686}.Release|Any CPU.ActiveCfg = Release|Any CPU
		{776723C5-B0F0-4F0D-97AE-86A95762B686}.Release|Any CPU.Build.0 = Release|Any CPU
		{B6D0EC4E-13E3-46A4-B1BA-D93DEA262845}.Debug|Any CPU.ActiveCfg = Debug|Any CPU
		{B6D0EC4E-13E3-46A4-B1BA-D93DEA262845}.Debug|Any CPU.Build.0 = Debug|Any CPU
		{B6D0EC4E-13E3-46A4-B1BA-D93DEA262845}.Release|Any CPU.ActiveCfg = Release|Any CPU
		{B6D0EC4E-13E3-46A4-B1BA-D93DEA262845}.Release|Any CPU.Build.0 = Release|Any CPU
		{033E08FB-09DA-4885-AC65-EB5EEFA0CF91}.Debug|Any CPU.ActiveCfg = Debug|Any CPU
		{033E08FB-09DA-4885-AC65-EB5EEFA0CF91}.Debug|Any CPU.Build.0 = Debug|Any CPU
		{033E08FB-09DA-4885-AC65-EB5EEFA0CF91}.Release|Any CPU.ActiveCfg = Release|Any CPU
		{033E08FB-09DA-4885-AC65-EB5EEFA0CF91}.Release|Any CPU.Build.0 = Release|Any CPU
		{8DFCEB8F-EE78-40EF-9D6E-8BC03547FA41}.Debug|Any CPU.ActiveCfg = Debug|Any CPU
		{8DFCEB8F-EE78-40EF-9D6E-8BC03547FA41}.Debug|Any CPU.Build.0 = Debug|Any CPU
		{8DFCEB8F-EE78-40EF-9D6E-8BC03547FA41}.Release|Any CPU.ActiveCfg = Release|Any CPU
		{8DFCEB8F-EE78-40EF-9D6E-8BC03547FA41}.Release|Any CPU.Build.0 = Release|Any CPU
		{3B507A09-9EA3-46BE-85BB-9147A66F4DE8}.Debug|Any CPU.ActiveCfg = Debug|Any CPU
		{3B507A09-9EA3-46BE-85BB-9147A66F4DE8}.Debug|Any CPU.Build.0 = Debug|Any CPU
		{3B507A09-9EA3-46BE-85BB-9147A66F4DE8}.Release|Any CPU.ActiveCfg = Release|Any CPU
		{3B507A09-9EA3-46BE-85BB-9147A66F4DE8}.Release|Any CPU.Build.0 = Release|Any CPU
		{6696B47C-7B57-4B8E-8613-2BB5BC1098AD}.Debug|Any CPU.ActiveCfg = Debug|Any CPU
		{6696B47C-7B57-4B8E-8613-2BB5BC1098AD}.Debug|Any CPU.Build.0 = Debug|Any CPU
		{6696B47C-7B57-4B8E-8613-2BB5BC1098AD}.Release|Any CPU.ActiveCfg = Release|Any CPU
		{6696B47C-7B57-4B8E-8613-2BB5BC1098AD}.Release|Any CPU.Build.0 = Release|Any CPU
		{BC326320-84EB-4660-AC91-E44DFF8206B1}.Debug|Any CPU.ActiveCfg = Debug|Any CPU
		{BC326320-84EB-4660-AC91-E44DFF8206B1}.Debug|Any CPU.Build.0 = Debug|Any CPU
		{BC326320-84EB-4660-AC91-E44DFF8206B1}.Release|Any CPU.ActiveCfg = Release|Any CPU
		{BC326320-84EB-4660-AC91-E44DFF8206B1}.Release|Any CPU.Build.0 = Release|Any CPU
		{167364EE-93CF-49F0-ACAB-DD61CEC82EA5}.Debug|Any CPU.ActiveCfg = Debug|Any CPU
		{167364EE-93CF-49F0-ACAB-DD61CEC82EA5}.Debug|Any CPU.Build.0 = Debug|Any CPU
		{167364EE-93CF-49F0-ACAB-DD61CEC82EA5}.Release|Any CPU.ActiveCfg = Release|Any CPU
		{167364EE-93CF-49F0-ACAB-DD61CEC82EA5}.Release|Any CPU.Build.0 = Release|Any CPU
		{11750D93-FA97-4AAB-992F-E866C8515105}.Debug|Any CPU.ActiveCfg = Debug|Any CPU
		{11750D93-FA97-4AAB-992F-E866C8515105}.Debug|Any CPU.Build.0 = Debug|Any CPU
		{11750D93-FA97-4AAB-992F-E866C8515105}.Release|Any CPU.ActiveCfg = Release|Any CPU
		{11750D93-FA97-4AAB-992F-E866C8515105}.Release|Any CPU.Build.0 = Release|Any CPU
		{134B48F4-4EF2-41A4-A07F-FB6EBCB969E0}.Debug|Any CPU.ActiveCfg = Debug|Any CPU
		{134B48F4-4EF2-41A4-A07F-FB6EBCB969E0}.Debug|Any CPU.Build.0 = Debug|Any CPU
		{134B48F4-4EF2-41A4-A07F-FB6EBCB969E0}.Release|Any CPU.ActiveCfg = Release|Any CPU
		{134B48F4-4EF2-41A4-A07F-FB6EBCB969E0}.Release|Any CPU.Build.0 = Release|Any CPU
		{B0399CC4-8785-4C3F-A4A9-500EC1BF44A5}.Debug|Any CPU.ActiveCfg = Debug|Any CPU
		{B0399CC4-8785-4C3F-A4A9-500EC1BF44A5}.Debug|Any CPU.Build.0 = Debug|Any CPU
		{B0399CC4-8785-4C3F-A4A9-500EC1BF44A5}.Release|Any CPU.ActiveCfg = Release|Any CPU
		{B0399CC4-8785-4C3F-A4A9-500EC1BF44A5}.Release|Any CPU.Build.0 = Release|Any CPU
		{77821BBA-F73E-4FD8-A588-23027378FBBB}.Debug|Any CPU.ActiveCfg = Debug|Any CPU
		{77821BBA-F73E-4FD8-A588-23027378FBBB}.Debug|Any CPU.Build.0 = Debug|Any CPU
		{77821BBA-F73E-4FD8-A588-23027378FBBB}.Release|Any CPU.ActiveCfg = Release|Any CPU
		{77821BBA-F73E-4FD8-A588-23027378FBBB}.Release|Any CPU.Build.0 = Release|Any CPU
		{30E663DD-E91D-45D2-9E98-AD04F286D256}.Debug|Any CPU.ActiveCfg = Debug|Any CPU
		{30E663DD-E91D-45D2-9E98-AD04F286D256}.Debug|Any CPU.Build.0 = Debug|Any CPU
		{30E663DD-E91D-45D2-9E98-AD04F286D256}.Release|Any CPU.ActiveCfg = Release|Any CPU
		{30E663DD-E91D-45D2-9E98-AD04F286D256}.Release|Any CPU.Build.0 = Release|Any CPU
		{E8EBFDDD-B168-4143-BA77-6552B4DD1E23}.Debug|Any CPU.ActiveCfg = Debug|Any CPU
		{E8EBFDDD-B168-4143-BA77-6552B4DD1E23}.Debug|Any CPU.Build.0 = Debug|Any CPU
		{E8EBFDDD-B168-4143-BA77-6552B4DD1E23}.Release|Any CPU.ActiveCfg = Release|Any CPU
		{E8EBFDDD-B168-4143-BA77-6552B4DD1E23}.Release|Any CPU.Build.0 = Release|Any CPU
		{8DF0077F-A907-4753-A009-A2D6414526A9}.Debug|Any CPU.ActiveCfg = Debug|Any CPU
		{8DF0077F-A907-4753-A009-A2D6414526A9}.Debug|Any CPU.Build.0 = Debug|Any CPU
		{8DF0077F-A907-4753-A009-A2D6414526A9}.Release|Any CPU.ActiveCfg = Release|Any CPU
		{8DF0077F-A907-4753-A009-A2D6414526A9}.Release|Any CPU.Build.0 = Release|Any CPU
		{A93C25F0-345F-4305-B5FB-11B45F56572E}.Debug|Any CPU.ActiveCfg = Debug|Any CPU
		{A93C25F0-345F-4305-B5FB-11B45F56572E}.Debug|Any CPU.Build.0 = Debug|Any CPU
		{A93C25F0-345F-4305-B5FB-11B45F56572E}.Release|Any CPU.ActiveCfg = Release|Any CPU
		{A93C25F0-345F-4305-B5FB-11B45F56572E}.Release|Any CPU.Build.0 = Release|Any CPU
		{5EFF9E8C-976F-4BD7-B62F-22F8416C2922}.Debug|Any CPU.ActiveCfg = Debug|Any CPU
		{5EFF9E8C-976F-4BD7-B62F-22F8416C2922}.Debug|Any CPU.Build.0 = Debug|Any CPU
		{5EFF9E8C-976F-4BD7-B62F-22F8416C2922}.Release|Any CPU.ActiveCfg = Release|Any CPU
		{5EFF9E8C-976F-4BD7-B62F-22F8416C2922}.Release|Any CPU.Build.0 = Release|Any CPU
		{1D81FA53-DC43-4A8A-A2C7-E447FEEA47D7}.Debug|Any CPU.ActiveCfg = Debug|Any CPU
		{1D81FA53-DC43-4A8A-A2C7-E447FEEA47D7}.Debug|Any CPU.Build.0 = Debug|Any CPU
		{1D81FA53-DC43-4A8A-A2C7-E447FEEA47D7}.Release|Any CPU.ActiveCfg = Release|Any CPU
		{1D81FA53-DC43-4A8A-A2C7-E447FEEA47D7}.Release|Any CPU.Build.0 = Release|Any CPU
		{3BF913BC-609E-408E-9E72-A76C0C3FBB74}.Debug|Any CPU.ActiveCfg = Debug|Any CPU
		{3BF913BC-609E-408E-9E72-A76C0C3FBB74}.Debug|Any CPU.Build.0 = Debug|Any CPU
		{3BF913BC-609E-408E-9E72-A76C0C3FBB74}.Release|Any CPU.ActiveCfg = Release|Any CPU
		{3BF913BC-609E-408E-9E72-A76C0C3FBB74}.Release|Any CPU.Build.0 = Release|Any CPU
	EndGlobalSection
	GlobalSection(SolutionProperties) = preSolution
		HideSolutionNode = FALSE
	EndGlobalSection
	GlobalSection(ExtensibilityGlobals) = postSolution
		SolutionGuid = {47BAB329-8B6C-46F5-A6C9-DFE21D7C563F}
	EndGlobalSection
EndGlobal
