
Microsoft Visual Studio Solution File, Format Version 12.00
# Visual Studio Version 17
VisualStudioVersion = 17.4.33110.190
MinimumVisualStudioVersion = 10.0.40219.1
Project("{FAE04EC0-301F-11D3-BF4B-00C04F79EFBC}") = "AppleAndOrange-HackerRank", "ConsoleApp1\AppleAndOrange-HackerRank.csproj", "{AD77F092-7212-4272-B1EB-87C905AECF8E}"
EndProject
Project("{FAE04EC0-301F-11D3-BF4B-00C04F79EFBC}") = "BetweenTwoSets-HackerRank", "BetweenTwoSets-HackerRank\BetweenTwoSets-HackerRank.csproj", "{2B01F0DD-F901-4F40-9593-4975E93EE882}"
EndProject
Project("{FAE04EC0-301F-11D3-BF4B-00C04F79EFBC}") = "Breaking the Records", "Breaking the Records\Breaking the Records.csproj", "{2A98D5D9-6087-44BA-BDC6-1F03C67311BC}"
EndProject
Global
	GlobalSection(SolutionConfigurationPlatforms) = preSolution
		Debug|Any CPU = Debug|Any CPU
		Release|Any CPU = Release|Any CPU
	EndGlobalSection
	GlobalSection(ProjectConfigurationPlatforms) = postSolution
		{AD77F092-7212-4272-B1EB-87C905AECF8E}.Debug|Any CPU.ActiveCfg = Debug|Any CPU
		{AD77F092-7212-4272-B1EB-87C905AECF8E}.Debug|Any CPU.Build.0 = Debug|Any CPU
		{AD77F092-7212-4272-B1EB-87C905AECF8E}.Release|Any CPU.ActiveCfg = Release|Any CPU
		{AD77F092-7212-4272-B1EB-87C905AECF8E}.Release|Any CPU.Build.0 = Release|Any CPU
		{2B01F0DD-F901-4F40-9593-4975E93EE882}.Debug|Any CPU.ActiveCfg = Debug|Any CPU
		{2B01F0DD-F901-4F40-9593-4975E93EE882}.Debug|Any CPU.Build.0 = Debug|Any CPU
		{2B01F0DD-F901-4F40-9593-4975E93EE882}.Release|Any CPU.ActiveCfg = Release|Any CPU
		{2B01F0DD-F901-4F40-9593-4975E93EE882}.Release|Any CPU.Build.0 = Release|Any CPU
		{2A98D5D9-6087-44BA-BDC6-1F03C67311BC}.Debug|Any CPU.ActiveCfg = Debug|Any CPU
		{2A98D5D9-6087-44BA-BDC6-1F03C67311BC}.Debug|Any CPU.Build.0 = Debug|Any CPU
		{2A98D5D9-6087-44BA-BDC6-1F03C67311BC}.Release|Any CPU.ActiveCfg = Release|Any CPU
		{2A98D5D9-6087-44BA-BDC6-1F03C67311BC}.Release|Any CPU.Build.0 = Release|Any CPU
	EndGlobalSection
	GlobalSection(SolutionProperties) = preSolution
		HideSolutionNode = FALSE
	EndGlobalSection
	GlobalSection(ExtensibilityGlobals) = postSolution
		SolutionGuid = {47BAB329-8B6C-46F5-A6C9-DFE21D7C563F}
	EndGlobalSection
EndGlobal
